# This file is autogenerated, do not edit; changes may be undone by the next 'dep ensure'.


[[projects]]
  branch = "master"
  name = "github.com/gvalkov/golang-evdev"
  packages = ["."]
  revision = "b6f418b1fe5af0386c81f387227f36d4801883b0"

[solve-meta]
  analyzer-name = "dep"
  analyzer-version = 1
  inputs-digest = "890f9244b92e2ca41a5c415c8476c52115977080d426f4de367baf3d3c5fc576"
  solver-name = "gps-cdcl"
  solver-version = 1
